<?xml version="1.0" encoding="utf-8"?>
<Project ToolsVersion="4.0" xmlns="http://schemas.microsoft.com/developer/msbuild/2003">
  <ItemGroup>
    <Filter Include="Source Files">
      <UniqueIdentifier>{4FC737F1-C7A5-4376-A066-2A32D752A2FF}</UniqueIdentifier>
      <Extensions>cpp;c;cc;cxx;def;odl;idl;hpj;bat;asm;asmx</Extensions>
    </Filter>
    <Filter Include="Header Files">
      <UniqueIdentifier>{93995380-89BD-4b04-88EB-625FBE52EBFB}</UniqueIdentifier>
      <Extensions>h;hh;hpp;hxx;hm;inl;inc;xsd</Extensions>
    </Filter>
    <Filter Include="Resource Files">
      <UniqueIdentifier>{67DA6AB6-F800-4c08-8B7A-83BB121AAD01}</UniqueIdentifier>
      <Extensions>rc;ico;cur;bmp;dlg;rc2;rct;bin;rgs;gif;jpg;jpeg;jpe;resx;tiff;tif;png;wav;mfcribbon-ms</Extensions>
    </Filter>
    <Filter Include="Source Files\Vulnerability Exposers">
      <UniqueIdentifier>{ae060239-7a82-4d8a-8caf-a85d1ba4ffa2}</UniqueIdentifier>
    </Filter>
    <Filter Include="Source Files\Exploitation Methods">
      <UniqueIdentifier>{35d74ece-805c-4cb9-a195-e1022977f5db}</UniqueIdentifier>
    </Filter>
  </ItemGroup>
  <ItemGroup>
    <ClCompile Include="Vulnerable Driver Exposer.cpp">
      <Filter>Source Files\Vulnerability Exposers</Filter>
    </ClCompile>
    <ClCompile Include="Main.cpp">
      <Filter>Source Files</Filter>
    </ClCompile>
    <ClCompile Include="Virtual Tables Self Reference Exploiter.cpp">
      <Filter>Source Files\Exploitation Methods</Filter>
    </ClCompile>
  </ItemGroup>
  <ItemGroup>
    <ClInclude Include="Vulnerabilities.h">
      <Filter>Header Files</Filter>
    </ClInclude>
    <ClInclude Include="Vulnerable Driver Definitions.h">
      <Filter>Source Files\Vulnerability Exposers</Filter>
    </ClInclude>
    <ClInclude Include="Exploitation Methods.h">
      <Filter>Header Files</Filter>
    </ClInclude>
    <ClInclude Include="Virtual Memory x64.h">
      <Filter>Source Files\Exploitation Methods</Filter>
    </ClInclude>
  </ItemGroup>
</Project>